// !$*UTF8*$!
{
	archiveVersion = 1;
	classes = {
	};
	objectVersion = 56;
	objects = {

/* Begin PBXBuildFile section */
		9257C7C92B3FF2950066D49C /* ApiClient.swift in Sources */ = {isa = PBXBuildFile; fileRef = 9257C7C82B3FF2950066D49C /* ApiClient.swift */; };
		9257C7CC2B3FF2CB0066D49C /* Network.swift in Sources */ = {isa = PBXBuildFile; fileRef = 9257C7CB2B3FF2CB0066D49C /* Network.swift */; };
		9257C7CE2B3FF2F80066D49C /* NetworkError.swift in Sources */ = {isa = PBXBuildFile; fileRef = 9257C7CD2B3FF2F80066D49C /* NetworkError.swift */; };
		9257C7D02B3FF3160066D49C /* User.swift in Sources */ = {isa = PBXBuildFile; fileRef = 9257C7CF2B3FF3160066D49C /* User.swift */; };
		9266C4182AFA98CE00E57210 /* AppDelegate.swift in Sources */ = {isa = PBXBuildFile; fileRef = 9266C4172AFA98CE00E57210 /* AppDelegate.swift */; };
		9266C41A2AFA98CE00E57210 /* SceneDelegate.swift in Sources */ = {isa = PBXBuildFile; fileRef = 9266C4192AFA98CE00E57210 /* SceneDelegate.swift */; };
		9266C41C2AFA98CE00E57210 /* ViewController.swift in Sources */ = {isa = PBXBuildFile; fileRef = 9266C41B2AFA98CE00E57210 /* ViewController.swift */; };
		9266C41F2AFA98CE00E57210 /* Main.storyboard in Resources */ = {isa = PBXBuildFile; fileRef = 9266C41D2AFA98CE00E57210 /* Main.storyboard */; };
		9266C4212AFA98CF00E57210 /* Assets.xcassets in Resources */ = {isa = PBXBuildFile; fileRef = 9266C4202AFA98CF00E57210 /* Assets.xcassets */; };
		9266C4242AFA98CF00E57210 /* LaunchScreen.storyboard in Resources */ = {isa = PBXBuildFile; fileRef = 9266C4222AFA98CF00E57210 /* LaunchScreen.storyboard */; };
		9266C4482AFA9E2A00E57210 /* CustomTableViewCell.swift in Sources */ = {isa = PBXBuildFile; fileRef = 9266C4472AFA9E2A00E57210 /* CustomTableViewCell.swift */; };
		92BAC2662AFBF2A50022E576 /* DetailsViewController.swift in Sources */ = {isa = PBXBuildFile; fileRef = 92BAC2652AFBF2A50022E576 /* DetailsViewController.swift */; };
/* End PBXBuildFile section */

/* Begin PBXFileReference section */
		9257C7C82B3FF2950066D49C /* ApiClient.swift */ = {isa = PBXFileReference; lastKnownFileType = sourcecode.swift; path = ApiClient.swift; sourceTree = "<group>"; };
		9257C7CB2B3FF2CB0066D49C /* Network.swift */ = {isa = PBXFileReference; lastKnownFileType = sourcecode.swift; path = Network.swift; sourceTree = "<group>"; };
		9257C7CD2B3FF2F80066D49C /* NetworkError.swift */ = {isa = PBXFileReference; lastKnownFileType = sourcecode.swift; path = NetworkError.swift; sourceTree = "<group>"; };
		9257C7CF2B3FF3160066D49C /* User.swift */ = {isa = PBXFileReference; lastKnownFileType = sourcecode.swift; path = User.swift; sourceTree = "<group>"; };
		9266C4142AFA98CE00E57210 /* API.app */ = {isa = PBXFileReference; explicitFileType = wrapper.application; includeInIndex = 0; path = API.app; sourceTree = BUILT_PRODUCTS_DIR; };
		9266C4172AFA98CE00E57210 /* AppDelegate.swift */ = {isa = PBXFileReference; lastKnownFileType = sourcecode.swift; path = AppDelegate.swift; sourceTree = "<group>"; };
		9266C4192AFA98CE00E57210 /* SceneDelegate.swift */ = {isa = PBXFileReference; lastKnownFileType = sourcecode.swift; path = SceneDelegate.swift; sourceTree = "<group>"; };
		9266C41B2AFA98CE00E57210 /* ViewController.swift */ = {isa = PBXFileReference; lastKnownFileType = sourcecode.swift; path = ViewController.swift; sourceTree = "<group>"; };
		9266C41E2AFA98CE00E57210 /* Base */ = {isa = PBXFileReference; lastKnownFileType = file.storyboard; name = Base; path = Base.lproj/Main.storyboard; sourceTree = "<group>"; };
		9266C4202AFA98CF00E57210 /* Assets.xcassets */ = {isa = PBXFileReference; lastKnownFileType = folder.assetcatalog; path = Assets.xcassets; sourceTree = "<group>"; };
		9266C4232AFA98CF00E57210 /* Base */ = {isa = PBXFileReference; lastKnownFileType = file.storyboard; name = Base; path = Base.lproj/LaunchScreen.storyboard; sourceTree = "<group>"; };
		9266C4252AFA98CF00E57210 /* Info.plist */ = {isa = PBXFileReference; lastKnownFileType = text.plist.xml; path = Info.plist; sourceTree = "<group>"; };
		9266C4472AFA9E2A00E57210 /* CustomTableViewCell.swift */ = {isa = PBXFileReference; lastKnownFileType = sourcecode.swift; path = CustomTableViewCell.swift; sourceTree = "<group>"; };
		92BAC2652AFBF2A50022E576 /* DetailsViewController.swift */ = {isa = PBXFileReference; lastKnownFileType = sourcecode.swift; path = DetailsViewController.swift; sourceTree = "<group>"; };
/* End PBXFileReference section */

/* Begin PBXFrameworksBuildPhase section */
		9266C4112AFA98CE00E57210 /* Frameworks */ = {
			isa = PBXFrameworksBuildPhase;
			buildActionMask = 2147483647;
			files = (
			);
			runOnlyForDeploymentPostprocessing = 0;
		};
/* End PBXFrameworksBuildPhase section */

/* Begin PBXGroup section */
		9257C7C72B3FF28C0066D49C /* ApiClient */ = {
			isa = PBXGroup;
			children = (
				9257C7CA2B3FF2BB0066D49C /* Network */,
				9257C7C82B3FF2950066D49C /* ApiClient.swift */,
			);
			path = ApiClient;
			sourceTree = "<group>";
		};
		9257C7CA2B3FF2BB0066D49C /* Network */ = {
			isa = PBXGroup;
			children = (
				9257C7CB2B3FF2CB0066D49C /* Network.swift */,
				9257C7CD2B3FF2F80066D49C /* NetworkError.swift */,
			);
			path = Network;
			sourceTree = "<group>";
		};
		9266C40B2AFA98CE00E57210 = {
			isa = PBXGroup;
			children = (
				9266C4162AFA98CE00E57210 /* nav_test_9 */,
				9266C4152AFA98CE00E57210 /* Products */,
			);
			sourceTree = "<group>";
		};
		9266C4152AFA98CE00E57210 /* Products */ = {
			isa = PBXGroup;
			children = (
				9266C4142AFA98CE00E57210 /* API.app */,
			);
			name = Products;
			sourceTree = "<group>";
		};
		9266C4162AFA98CE00E57210 /* nav_test_9 */ = {
			isa = PBXGroup;
			children = (
				9257C7C72B3FF28C0066D49C /* ApiClient */,
				9266C4172AFA98CE00E57210 /* AppDelegate.swift */,
				9266C4192AFA98CE00E57210 /* SceneDelegate.swift */,
				9266C4472AFA9E2A00E57210 /* CustomTableViewCell.swift */,
				92BAC2652AFBF2A50022E576 /* DetailsViewController.swift */,
				9266C41B2AFA98CE00E57210 /* ViewController.swift */,
				9266C41D2AFA98CE00E57210 /* Main.storyboard */,
				9266C4202AFA98CF00E57210 /* Assets.xcassets */,
				9266C4222AFA98CF00E57210 /* LaunchScreen.storyboard */,
				9266C4252AFA98CF00E57210 /* Info.plist */,
				9257C7CF2B3FF3160066D49C /* User.swift */,
			);
			path = nav_test_9;
			sourceTree = "<group>";
		};
/* End PBXGroup section */

/* Begin PBXNativeTarget section */
		9266C4132AFA98CE00E57210 /* API */ = {
			isa = PBXNativeTarget;
			buildConfigurationList = 9266C43E2AFA98CF00E57210 /* Build configuration list for PBXNativeTarget "API" */;
			buildPhases = (
				9266C4102AFA98CE00E57210 /* Sources */,
				9266C4112AFA98CE00E57210 /* Frameworks */,
				9266C4122AFA98CE00E57210 /* Resources */,
			);
			buildRules = (
			);
			dependencies = (
			);
			name = API;
			productName = nav_test_9;
			productReference = 9266C4142AFA98CE00E57210 /* API.app */;
			productType = "com.apple.product-type.application";
		};
/* End PBXNativeTarget section */

/* Begin PBXProject section */
		9266C40C2AFA98CE00E57210 /* Project object */ = {
			isa = PBXProject;
			attributes = {
				BuildIndependentTargetsInParallel = 1;
				LastSwiftUpdateCheck = 1430;
				LastUpgradeCheck = 1430;
				TargetAttributes = {
					9266C4132AFA98CE00E57210 = {
						CreatedOnToolsVersion = 14.3;
					};
				};
			};
			buildConfigurationList = 9266C40F2AFA98CE00E57210 /* Build configuration list for PBXProject "API" */;
			compatibilityVersion = "Xcode 14.0";
			developmentRegion = en;
			hasScannedForEncodings = 0;
			knownRegions = (
				en,
				Base,
			);
			mainGroup = 9266C40B2AFA98CE00E57210;
			productRefGroup = 9266C4152AFA98CE00E57210 /* Products */;
			projectDirPath = "";
			projectRoot = "";
			targets = (
				9266C4132AFA98CE00E57210 /* API */,
			);
		};
/* End PBXProject section */

/* Begin PBXResourcesBuildPhase section */
		9266C4122AFA98CE00E57210 /* Resources */ = {
			isa = PBXResourcesBuildPhase;
			buildActionMask = 2147483647;
			files = (
				9266C4242AFA98CF00E57210 /* LaunchScreen.storyboard in Resources */,
				9266C4212AFA98CF00E57210 /* Assets.xcassets in Resources */,
				9266C41F2AFA98CE00E57210 /* Main.storyboard in Resources */,
			);
			runOnlyForDeploymentPostprocessing = 0;
		};
/* End PBXResourcesBuildPhase section */

/* Begin PBXSourcesBuildPhase section */
		9266C4102AFA98CE00E57210 /* Sources */ = {
			isa = PBXSourcesBuildPhase;
			buildActionMask = 2147483647;
			files = (
				9266C41C2AFA98CE00E57210 /* ViewController.swift in Sources */,
				9257C7CE2B3FF2F80066D49C /* NetworkError.swift in Sources */,
				9266C4182AFA98CE00E57210 /* AppDelegate.swift in Sources */,
				9266C4482AFA9E2A00E57210 /* CustomTableViewCell.swift in Sources */,
				9266C41A2AFA98CE00E57210 /* SceneDelegate.swift in Sources */,
				9257C7D02B3FF3160066D49C /* User.swift in Sources */,
				92BAC2662AFBF2A50022E576 /* DetailsViewController.swift in Sources */,
				9257C7CC2B3FF2CB0066D49C /* Network.swift in Sources */,
				9257C7C92B3FF2950066D49C /* ApiClient.swift in Sources */,
			);
			runOnlyForDeploymentPostprocessing = 0;
		};
/* End PBXSourcesBuildPhase section */

/* Begin PBXVariantGroup section */
		9266C41D2AFA98CE00E57210 /* Main.storyboard */ = {
			isa = PBXVariantGroup;
			children = (
				9266C41E2AFA98CE00E57210 /* Base */,
			);
			name = Main.storyboard;
			sourceTree = "<group>";
		};
		9266C4222AFA98CF00E57210 /* LaunchScreen.storyboard */ = {
			isa = PBXVariantGroup;
			children = (
				9266C4232AFA98CF00E57210 /* Base */,
			);
			name = LaunchScreen.storyboard;
			sourceTree = "<group>";
		};
/* End PBXVariantGroup section */

/* Begin XCBuildConfiguration section */
		9266C43C2AFA98CF00E57210 /* Debug */ = {
			isa = XCBuildConfiguration;
			buildSettings = {
				ALWAYS_SEARCH_USER_PATHS = NO;
				CLANG_ANALYZER_NONNULL = YES;
				CLANG_ANALYZER_NUMBER_OBJECT_CONVERSION = YES_AGGRESSIVE;
				CLANG_CXX_LANGUAGE_STANDARD = "gnu++20";
				CLANG_ENABLE_MODULES = YES;
				CLANG_ENABLE_OBJC_ARC = YES;
				CLANG_ENABLE_OBJC_WEAK = YES;
				CLANG_WARN_BLOCK_CAPTURE_AUTORELEASING = YES;
				CLANG_WARN_BOOL_CONVERSION = YES;
				CLANG_WARN_COMMA = YES;
				CLANG_WARN_CONSTANT_CONVERSION = YES;
				CLANG_WARN_DEPRECATED_OBJC_IMPLEMENTATIONS = YES;
				CLANG_WARN_DIRECT_OBJC_ISA_USAGE = YES_ERROR;
				CLANG_WARN_DOCUMENTATION_COMMENTS = YES;
				CLANG_WARN_EMPTY_BODY = YES;
				CLANG_WARN_ENUM_CONVERSION = YES;
				CLANG_WARN_INFINITE_RECURSION = YES;
				CLANG_WARN_INT_CONVERSION = YES;
				CLANG_WARN_NON_LITERAL_NULL_CONVERSION = YES;
				CLANG_WARN_OBJC_IMPLICIT_RETAIN_SELF = YES;
				CLANG_WARN_OBJC_LITERAL_CONVERSION = YES;
				CLANG_WARN_OBJC_ROOT_CLASS = YES_ERROR;
				CLANG_WARN_QUOTED_INCLUDE_IN_FRAMEWORK_HEADER = YES;
				CLANG_WARN_RANGE_LOOP_ANALYSIS = YES;
				CLANG_WARN_STRICT_PROTOTYPES = YES;
				CLANG_WARN_SUSPICIOUS_MOVE = YES;
				CLANG_WARN_UNGUARDED_AVAILABILITY = YES_AGGRESSIVE;
				CLANG_WARN_UNREACHABLE_CODE = YES;
				CLANG_WARN__DUPLICATE_METHOD_MATCH = YES;
				COPY_PHASE_STRIP = NO;
				DEBUG_INFORMATION_FORMAT = dwarf;
				ENABLE_STRICT_OBJC_MSGSEND = YES;
				ENABLE_TESTABILITY = YES;
				GCC_C_LANGUAGE_STANDARD = gnu11;
				GCC_DYNAMIC_NO_PIC = NO;
				GCC_NO_COMMON_BLOCKS = YES;
				GCC_OPTIMIZATION_LEVEL = 0;
				GCC_PREPROCESSOR_DEFINITIONS = (
					"DEBUG=1",
					"$(inherited)",
				);
				GCC_WARN_64_TO_32_BIT_CONVERSION = YES;
				GCC_WARN_ABOUT_RETURN_TYPE = YES_ERROR;
				GCC_WARN_UNDECLARED_SELECTOR = YES;
				GCC_WARN_UNINITIALIZED_AUTOS = YES_AGGRESSIVE;
				GCC_WARN_UNUSED_FUNCTION = YES;
				GCC_WARN_UNUSED_VARIABLE = YES;
				IPHONEOS_DEPLOYMENT_TARGET = 16.4;
				MTL_ENABLE_DEBUG_INFO = INCLUDE_SOURCE;
				MTL_FAST_MATH = YES;
				ONLY_ACTIVE_ARCH = YES;
				SDKROOT = iphoneos;
				SWIFT_ACTIVE_COMPILATION_CONDITIONS = DEBUG;
				SWIFT_OPTIMIZATION_LEVEL = "-Onone";
			};
			name = Debug;
		};
		9266C43D2AFA98CF00E57210 /* Release */ = {
			isa = XCBuildConfiguration;
			buildSettings = {
				ALWAYS_SEARCH_USER_PATHS = NO;
				CLANG_ANALYZER_NONNULL = YES;
				CLANG_ANALYZER_NUMBER_OBJECT_CONVERSION = YES_AGGRESSIVE;
				CLANG_CXX_LANGUAGE_STANDARD = "gnu++20";
				CLANG_ENABLE_MODULES = YES;
				CLANG_ENABLE_OBJC_ARC = YES;
				CLANG_ENABLE_OBJC_WEAK = YES;
				CLANG_WARN_BLOCK_CAPTURE_AUTORELEASING = YES;
				CLANG_WARN_BOOL_CONVERSION = YES;
				CLANG_WARN_COMMA = YES;
				CLANG_WARN_CONSTANT_CONVERSION = YES;
				CLANG_WARN_DEPRECATED_OBJC_IMPLEMENTATIONS = YES;
				CLANG_WARN_DIRECT_OBJC_ISA_USAGE = YES_ERROR;
				CLANG_WARN_DOCUMENTATION_COMMENTS = YES;
				CLANG_WARN_EMPTY_BODY = YES;
				CLANG_WARN_ENUM_CONVERSION = YES;
				CLANG_WARN_INFINITE_RECURSION = YES;
				CLANG_WARN_INT_CONVERSION = YES;
				CLANG_WARN_NON_LITERAL_NULL_CONVERSION = YES;
				CLANG_WARN_OBJC_IMPLICIT_RETAIN_SELF = YES;
				CLANG_WARN_OBJC_LITERAL_CONVERSION = YES;
				CLANG_WARN_OBJC_ROOT_CLASS = YES_ERROR;
				CLANG_WARN_QUOTED_INCLUDE_IN_FRAMEWORK_HEADER = YES;
				CLANG_WARN_RANGE_LOOP_ANALYSIS = YES;
				CLANG_WARN_STRICT_PROTOTYPES = YES;
				CLANG_WARN_SUSPICIOUS_MOVE = YES;
				CLANG_WARN_UNGUARDED_AVAILABILITY = YES_AGGRESSIVE;
				CLANG_WARN_UNREACHABLE_CODE = YES;
				CLANG_WARN__DUPLICATE_METHOD_MATCH = YES;
				COPY_PHASE_STRIP = NO;
				DEBUG_INFORMATION_FORMAT = "dwarf-with-dsym";
				ENABLE_NS_ASSERTIONS = NO;
				ENABLE_STRICT_OBJC_MSGSEND = YES;
				GCC_C_LANGUAGE_STANDARD = gnu11;
				GCC_NO_COMMON_BLOCKS = YES;
				GCC_WARN_64_TO_32_BIT_CONVERSION = YES;
				GCC_WARN_ABOUT_RETURN_TYPE = YES_ERROR;
				GCC_WARN_UNDECLARED_SELECTOR = YES;
				GCC_WARN_UNINITIALIZED_AUTOS = YES_AGGRESSIVE;
				GCC_WARN_UNUSED_FUNCTION = YES;
				GCC_WARN_UNUSED_VARIABLE = YES;
				IPHONEOS_DEPLOYMENT_TARGET = 16.4;
				MTL_ENABLE_DEBUG_INFO = NO;
				MTL_FAST_MATH = YES;
				SDKROOT = iphoneos;
				SWIFT_COMPILATION_MODE = wholemodule;
				SWIFT_OPTIMIZATION_LEVEL = "-O";
				VALIDATE_PRODUCT = YES;
			};
			name = Release;
		};
		9266C43F2AFA98CF00E57210 /* Debug */ = {
			isa = XCBuildConfiguration;
			buildSettings = {
				ASSETCATALOG_COMPILER_APPICON_NAME = AppIcon;
				ASSETCATALOG_COMPILER_GLOBAL_ACCENT_COLOR_NAME = AccentColor;
				CODE_SIGN_STYLE = Automatic;
				CURRENT_PROJECT_VERSION = 1;
				DEVELOPMENT_TEAM = 5ZN9C67V5A;
				GENERATE_INFOPLIST_FILE = YES;
				INFOPLIST_FILE = nav_test_9/Info.plist;
				INFOPLIST_KEY_UIApplicationSupportsIndirectInputEvents = YES;
				INFOPLIST_KEY_UILaunchStoryboardName = LaunchScreen;
				INFOPLIST_KEY_UIMainStoryboardFile = Main;
				INFOPLIST_KEY_UISupportedInterfaceOrientations_iPad = "UIInterfaceOrientationPortrait UIInterfaceOrientationPortraitUpsideDown UIInterfaceOrientationLandscapeLeft UIInterfaceOrientationLandscapeRight";
				INFOPLIST_KEY_UISupportedInterfaceOrientations_iPhone = "UIInterfaceOrientationPortrait UIInterfaceOrientationLandscapeLeft UIInterfaceOrientationLandscapeRight";
				LD_RUNPATH_SEARCH_PATHS = (
					"$(inherited)",
					"@executable_path/Frameworks",
				);
				MARKETING_VERSION = 1.0;
				PRODUCT_BUNDLE_IDENTIFIER = "v1.nav-test-9";
				PRODUCT_NAME = "$(TARGET_NAME)";
				SWIFT_EMIT_LOC_STRINGS = YES;
				SWIFT_VERSION = 5.0;
				TARGETED_DEVICE_FAMILY = "1,2";
			};
			name = Debug;
		};
		9266C4402AFA98CF00E57210 /* Release */ = {
			isa = XCBuildConfiguration;
			buildSettings = {
				ASSETCATALOG_COMPILER_APPICON_NAME = AppIcon;
				ASSETCATALOG_COMPILER_GLOBAL_ACCENT_COLOR_NAME = AccentColor;
				CODE_SIGN_STYLE = Automatic;
				CURRENT_PROJECT_VERSION = 1;
				DEVELOPMENT_TEAM = 5ZN9C67V5A;
				GENERATE_INFOPLIST_FILE = YES;
				INFOPLIST_FILE = nav_test_9/Info.plist;
				INFOPLIST_KEY_UIApplicationSupportsIndirectInputEvents = YES;
				INFOPLIST_KEY_UILaunchStoryboardName = LaunchScreen;
				INFOPLIST_KEY_UIMainStoryboardFile = Main;
				INFOPLIST_KEY_UISupportedInterfaceOrientations_iPad = "UIInterfaceOrientationPortrait UIInterfaceOrientationPortraitUpsideDown UIInterfaceOrientationLandscapeLeft UIInterfaceOrientationLandscapeRight";
				INFOPLIST_KEY_UISupportedInterfaceOrientations_iPhone = "UIInterfaceOrientationPortrait UIInterfaceOrientationLandscapeLeft UIInterfaceOrientationLandscapeRight";
				LD_RUNPATH_SEARCH_PATHS = (
					"$(inherited)",
					"@executable_path/Frameworks",
				);
				MARKETING_VERSION = 1.0;
				PRODUCT_BUNDLE_IDENTIFIER = "v1.nav-test-9";
				PRODUCT_NAME = "$(TARGET_NAME)";
				SWIFT_EMIT_LOC_STRINGS = YES;
				SWIFT_VERSION = 5.0;
				TARGETED_DEVICE_FAMILY = "1,2";
			};
			name = Release;
		};
/* End XCBuildConfiguration section */

/* Begin XCConfigurationList section */
		9266C40F2AFA98CE00E57210 /* Build configuration list for PBXProject "API" */ = {
			isa = XCConfigurationList;
			buildConfigurations = (
				9266C43C2AFA98CF00E57210 /* Debug */,
				9266C43D2AFA98CF00E57210 /* Release */,
			);
			defaultConfigurationIsVisible = 0;
			defaultConfigurationName = Release;
		};
		9266C43E2AFA98CF00E57210 /* Build configuration list for PBXNativeTarget "API" */ = {
			isa = XCConfigurationList;
			buildConfigurations = (
				9266C43F2AFA98CF00E57210 /* Debug */,
				9266C4402AFA98CF00E57210 /* Release */,
			);
			defaultConfigurationIsVisible = 0;
			defaultConfigurationName = Release;
		};
/* End XCConfigurationList section */
	};
	rootObject = 9266C40C2AFA98CE00E57210 /* Project object */;
}
