// !$*UTF8*$!
{
	archiveVersion = 1;
	classes = {
	};
	objectVersion = 56;
	objects = {

/* Begin PBXBuildFile section */
		92C95A1E2B3ED8DF00BE96AA /* AppDelegate.swift in Sources */ = {isa = PBXBuildFile; fileRef = 92C95A1D2B3ED8DF00BE96AA /* AppDelegate.swift */; };
		92C95A202B3ED8DF00BE96AA /* SceneDelegate.swift in Sources */ = {isa = PBXBuildFile; fileRef = 92C95A1F2B3ED8DF00BE96AA /* SceneDelegate.swift */; };
		92C95A222B3ED8DF00BE96AA /* ViewController.swift in Sources */ = {isa = PBXBuildFile; fileRef = 92C95A212B3ED8DF00BE96AA /* ViewController.swift */; };
		92C95A252B3ED8DF00BE96AA /* Main.storyboard in Resources */ = {isa = PBXBuildFile; fileRef = 92C95A232B3ED8DF00BE96AA /* Main.storyboard */; };
		92C95A272B3ED8E000BE96AA /* Assets.xcassets in Resources */ = {isa = PBXBuildFile; fileRef = 92C95A262B3ED8E000BE96AA /* Assets.xcassets */; };
		92C95A2A2B3ED8E000BE96AA /* LaunchScreen.storyboard in Resources */ = {isa = PBXBuildFile; fileRef = 92C95A282B3ED8E000BE96AA /* LaunchScreen.storyboard */; };
		92C95A352B3ED8E000BE96AA /* CodableTaskTests.swift in Sources */ = {isa = PBXBuildFile; fileRef = 92C95A342B3ED8E000BE96AA /* CodableTaskTests.swift */; };
		92C95A3F2B3ED8E000BE96AA /* CodableTaskUITests.swift in Sources */ = {isa = PBXBuildFile; fileRef = 92C95A3E2B3ED8E000BE96AA /* CodableTaskUITests.swift */; };
		92C95A412B3ED8E000BE96AA /* CodableTaskUITestsLaunchTests.swift in Sources */ = {isa = PBXBuildFile; fileRef = 92C95A402B3ED8E000BE96AA /* CodableTaskUITestsLaunchTests.swift */; };
		92C95A4F2B3EDA4F00BE96AA /* LocalViewController.swift in Sources */ = {isa = PBXBuildFile; fileRef = 92C95A4E2B3EDA4F00BE96AA /* LocalViewController.swift */; };
		92C95A522B3EDBAF00BE96AA /* LocalUserSettings.swift in Sources */ = {isa = PBXBuildFile; fileRef = 92C95A512B3EDBAF00BE96AA /* LocalUserSettings.swift */; };
		92C95A552B3EE8F000BE96AA /* UrlSessionNetworkLayer.swift in Sources */ = {isa = PBXBuildFile; fileRef = 92C95A542B3EE8F000BE96AA /* UrlSessionNetworkLayer.swift */; };
		92C95A572B3EEAA200BE96AA /* NetwordError.swift in Sources */ = {isa = PBXBuildFile; fileRef = 92C95A562B3EEAA200BE96AA /* NetwordError.swift */; };
		92C95A592B3EED2900BE96AA /* User.swift in Sources */ = {isa = PBXBuildFile; fileRef = 92C95A582B3EED2900BE96AA /* User.swift */; };
		92C95A5C2B3FE1A700BE96AA /* ApiClient.swift in Sources */ = {isa = PBXBuildFile; fileRef = 92C95A5B2B3FE1A700BE96AA /* ApiClient.swift */; };
		92C95A602B3FEDB900BE96AA /* UserViewController.swift in Sources */ = {isa = PBXBuildFile; fileRef = 92C95A5F2B3FEDB900BE96AA /* UserViewController.swift */; };
/* End PBXBuildFile section */

/* Begin PBXContainerItemProxy section */
		92C95A312B3ED8E000BE96AA /* PBXContainerItemProxy */ = {
			isa = PBXContainerItemProxy;
			containerPortal = 92C95A122B3ED8DF00BE96AA /* Project object */;
			proxyType = 1;
			remoteGlobalIDString = 92C95A192B3ED8DF00BE96AA;
			remoteInfo = CodableTask;
		};
		92C95A3B2B3ED8E000BE96AA /* PBXContainerItemProxy */ = {
			isa = PBXContainerItemProxy;
			containerPortal = 92C95A122B3ED8DF00BE96AA /* Project object */;
			proxyType = 1;
			remoteGlobalIDString = 92C95A192B3ED8DF00BE96AA;
			remoteInfo = CodableTask;
		};
/* End PBXContainerItemProxy section */

/* Begin PBXFileReference section */
		92C95A1A2B3ED8DF00BE96AA /* CodableTask.app */ = {isa = PBXFileReference; explicitFileType = wrapper.application; includeInIndex = 0; path = CodableTask.app; sourceTree = BUILT_PRODUCTS_DIR; };
		92C95A1D2B3ED8DF00BE96AA /* AppDelegate.swift */ = {isa = PBXFileReference; lastKnownFileType = sourcecode.swift; path = AppDelegate.swift; sourceTree = "<group>"; };
		92C95A1F2B3ED8DF00BE96AA /* SceneDelegate.swift */ = {isa = PBXFileReference; lastKnownFileType = sourcecode.swift; path = SceneDelegate.swift; sourceTree = "<group>"; };
		92C95A212B3ED8DF00BE96AA /* ViewController.swift */ = {isa = PBXFileReference; lastKnownFileType = sourcecode.swift; path = ViewController.swift; sourceTree = "<group>"; };
		92C95A242B3ED8DF00BE96AA /* Base */ = {isa = PBXFileReference; lastKnownFileType = file.storyboard; name = Base; path = Base.lproj/Main.storyboard; sourceTree = "<group>"; };
		92C95A262B3ED8E000BE96AA /* Assets.xcassets */ = {isa = PBXFileReference; lastKnownFileType = folder.assetcatalog; path = Assets.xcassets; sourceTree = "<group>"; };
		92C95A292B3ED8E000BE96AA /* Base */ = {isa = PBXFileReference; lastKnownFileType = file.storyboard; name = Base; path = Base.lproj/LaunchScreen.storyboard; sourceTree = "<group>"; };
		92C95A2B2B3ED8E000BE96AA /* Info.plist */ = {isa = PBXFileReference; lastKnownFileType = text.plist.xml; path = Info.plist; sourceTree = "<group>"; };
		92C95A302B3ED8E000BE96AA /* CodableTaskTests.xctest */ = {isa = PBXFileReference; explicitFileType = wrapper.cfbundle; includeInIndex = 0; path = CodableTaskTests.xctest; sourceTree = BUILT_PRODUCTS_DIR; };
		92C95A342B3ED8E000BE96AA /* CodableTaskTests.swift */ = {isa = PBXFileReference; lastKnownFileType = sourcecode.swift; path = CodableTaskTests.swift; sourceTree = "<group>"; };
		92C95A3A2B3ED8E000BE96AA /* CodableTaskUITests.xctest */ = {isa = PBXFileReference; explicitFileType = wrapper.cfbundle; includeInIndex = 0; path = CodableTaskUITests.xctest; sourceTree = BUILT_PRODUCTS_DIR; };
		92C95A3E2B3ED8E000BE96AA /* CodableTaskUITests.swift */ = {isa = PBXFileReference; lastKnownFileType = sourcecode.swift; path = CodableTaskUITests.swift; sourceTree = "<group>"; };
		92C95A402B3ED8E000BE96AA /* CodableTaskUITestsLaunchTests.swift */ = {isa = PBXFileReference; lastKnownFileType = sourcecode.swift; path = CodableTaskUITestsLaunchTests.swift; sourceTree = "<group>"; };
		92C95A4E2B3EDA4F00BE96AA /* LocalViewController.swift */ = {isa = PBXFileReference; lastKnownFileType = sourcecode.swift; path = LocalViewController.swift; sourceTree = "<group>"; };
		92C95A512B3EDBAF00BE96AA /* LocalUserSettings.swift */ = {isa = PBXFileReference; lastKnownFileType = sourcecode.swift; path = LocalUserSettings.swift; sourceTree = "<group>"; };
		92C95A542B3EE8F000BE96AA /* UrlSessionNetworkLayer.swift */ = {isa = PBXFileReference; lastKnownFileType = sourcecode.swift; path = UrlSessionNetworkLayer.swift; sourceTree = "<group>"; };
		92C95A562B3EEAA200BE96AA /* NetwordError.swift */ = {isa = PBXFileReference; lastKnownFileType = sourcecode.swift; path = NetwordError.swift; sourceTree = "<group>"; };
		92C95A582B3EED2900BE96AA /* User.swift */ = {isa = PBXFileReference; lastKnownFileType = sourcecode.swift; path = User.swift; sourceTree = "<group>"; };
		92C95A5B2B3FE1A700BE96AA /* ApiClient.swift */ = {isa = PBXFileReference; lastKnownFileType = sourcecode.swift; path = ApiClient.swift; sourceTree = "<group>"; };
		92C95A5F2B3FEDB900BE96AA /* UserViewController.swift */ = {isa = PBXFileReference; lastKnownFileType = sourcecode.swift; path = UserViewController.swift; sourceTree = "<group>"; };
/* End PBXFileReference section */

/* Begin PBXFrameworksBuildPhase section */
		92C95A172B3ED8DF00BE96AA /* Frameworks */ = {
			isa = PBXFrameworksBuildPhase;
			buildActionMask = 2147483647;
			files = (
			);
			runOnlyForDeploymentPostprocessing = 0;
		};
		92C95A2D2B3ED8E000BE96AA /* Frameworks */ = {
			isa = PBXFrameworksBuildPhase;
			buildActionMask = 2147483647;
			files = (
			);
			runOnlyForDeploymentPostprocessing = 0;
		};
		92C95A372B3ED8E000BE96AA /* Frameworks */ = {
			isa = PBXFrameworksBuildPhase;
			buildActionMask = 2147483647;
			files = (
			);
			runOnlyForDeploymentPostprocessing = 0;
		};
/* End PBXFrameworksBuildPhase section */

/* Begin PBXGroup section */
		92C95A112B3ED8DF00BE96AA = {
			isa = PBXGroup;
			children = (
				92C95A1C2B3ED8DF00BE96AA /* CodableTask */,
				92C95A332B3ED8E000BE96AA /* CodableTaskTests */,
				92C95A3D2B3ED8E000BE96AA /* CodableTaskUITests */,
				92C95A1B2B3ED8DF00BE96AA /* Products */,
			);
			sourceTree = "<group>";
		};
		92C95A1B2B3ED8DF00BE96AA /* Products */ = {
			isa = PBXGroup;
			children = (
				92C95A1A2B3ED8DF00BE96AA /* CodableTask.app */,
				92C95A302B3ED8E000BE96AA /* CodableTaskTests.xctest */,
				92C95A3A2B3ED8E000BE96AA /* CodableTaskUITests.xctest */,
			);
			name = Products;
			sourceTree = "<group>";
		};
		92C95A1C2B3ED8DF00BE96AA /* CodableTask */ = {
			isa = PBXGroup;
			children = (
				92C95A5A2B3FE19800BE96AA /* ApiClient */,
				92C95A532B3EE8CF00BE96AA /* NetworkLayer */,
				92C95A502B3EDB9800BE96AA /* Model */,
				92C95A4D2B3EDA3D00BE96AA /* LocalGroup */,
				92C95A1D2B3ED8DF00BE96AA /* AppDelegate.swift */,
				92C95A1F2B3ED8DF00BE96AA /* SceneDelegate.swift */,
				92C95A212B3ED8DF00BE96AA /* ViewController.swift */,
				92C95A232B3ED8DF00BE96AA /* Main.storyboard */,
				92C95A262B3ED8E000BE96AA /* Assets.xcassets */,
				92C95A282B3ED8E000BE96AA /* LaunchScreen.storyboard */,
				92C95A2B2B3ED8E000BE96AA /* Info.plist */,
			);
			path = CodableTask;
			sourceTree = "<group>";
		};
		92C95A332B3ED8E000BE96AA /* CodableTaskTests */ = {
			isa = PBXGroup;
			children = (
				92C95A342B3ED8E000BE96AA /* CodableTaskTests.swift */,
			);
			path = CodableTaskTests;
			sourceTree = "<group>";
		};
		92C95A3D2B3ED8E000BE96AA /* CodableTaskUITests */ = {
			isa = PBXGroup;
			children = (
				92C95A3E2B3ED8E000BE96AA /* CodableTaskUITests.swift */,
				92C95A402B3ED8E000BE96AA /* CodableTaskUITestsLaunchTests.swift */,
			);
			path = CodableTaskUITests;
			sourceTree = "<group>";
		};
		92C95A4D2B3EDA3D00BE96AA /* LocalGroup */ = {
			isa = PBXGroup;
			children = (
				92C95A4E2B3EDA4F00BE96AA /* LocalViewController.swift */,
				92C95A5F2B3FEDB900BE96AA /* UserViewController.swift */,
			);
			path = LocalGroup;
			sourceTree = "<group>";
		};
		92C95A502B3EDB9800BE96AA /* Model */ = {
			isa = PBXGroup;
			children = (
				92C95A512B3EDBAF00BE96AA /* LocalUserSettings.swift */,
				92C95A562B3EEAA200BE96AA /* NetwordError.swift */,
				92C95A582B3EED2900BE96AA /* User.swift */,
			);
			path = Model;
			sourceTree = "<group>";
		};
		92C95A532B3EE8CF00BE96AA /* NetworkLayer */ = {
			isa = PBXGroup;
			children = (
				92C95A542B3EE8F000BE96AA /* UrlSessionNetworkLayer.swift */,
			);
			path = NetworkLayer;
			sourceTree = "<group>";
		};
		92C95A5A2B3FE19800BE96AA /* ApiClient */ = {
			isa = PBXGroup;
			children = (
				92C95A5B2B3FE1A700BE96AA /* ApiClient.swift */,
			);
			path = ApiClient;
			sourceTree = "<group>";
		};
/* End PBXGroup section */

/* Begin PBXNativeTarget section */
		92C95A192B3ED8DF00BE96AA /* CodableTask */ = {
			isa = PBXNativeTarget;
			buildConfigurationList = 92C95A442B3ED8E000BE96AA /* Build configuration list for PBXNativeTarget "CodableTask" */;
			buildPhases = (
				92C95A162B3ED8DF00BE96AA /* Sources */,
				92C95A172B3ED8DF00BE96AA /* Frameworks */,
				92C95A182B3ED8DF00BE96AA /* Resources */,
			);
			buildRules = (
			);
			dependencies = (
			);
			name = CodableTask;
			productName = CodableTask;
			productReference = 92C95A1A2B3ED8DF00BE96AA /* CodableTask.app */;
			productType = "com.apple.product-type.application";
		};
		92C95A2F2B3ED8E000BE96AA /* CodableTaskTests */ = {
			isa = PBXNativeTarget;
			buildConfigurationList = 92C95A472B3ED8E000BE96AA /* Build configuration list for PBXNativeTarget "CodableTaskTests" */;
			buildPhases = (
				92C95A2C2B3ED8E000BE96AA /* Sources */,
				92C95A2D2B3ED8E000BE96AA /* Frameworks */,
				92C95A2E2B3ED8E000BE96AA /* Resources */,
			);
			buildRules = (
			);
			dependencies = (
				92C95A322B3ED8E000BE96AA /* PBXTargetDependency */,
			);
			name = CodableTaskTests;
			productName = CodableTaskTests;
			productReference = 92C95A302B3ED8E000BE96AA /* CodableTaskTests.xctest */;
			productType = "com.apple.product-type.bundle.unit-test";
		};
		92C95A392B3ED8E000BE96AA /* CodableTaskUITests */ = {
			isa = PBXNativeTarget;
			buildConfigurationList = 92C95A4A2B3ED8E000BE96AA /* Build configuration list for PBXNativeTarget "CodableTaskUITests" */;
			buildPhases = (
				92C95A362B3ED8E000BE96AA /* Sources */,
				92C95A372B3ED8E000BE96AA /* Frameworks */,
				92C95A382B3ED8E000BE96AA /* Resources */,
			);
			buildRules = (
			);
			dependencies = (
				92C95A3C2B3ED8E000BE96AA /* PBXTargetDependency */,
			);
			name = CodableTaskUITests;
			productName = CodableTaskUITests;
			productReference = 92C95A3A2B3ED8E000BE96AA /* CodableTaskUITests.xctest */;
			productType = "com.apple.product-type.bundle.ui-testing";
		};
/* End PBXNativeTarget section */

/* Begin PBXProject section */
		92C95A122B3ED8DF00BE96AA /* Project object */ = {
			isa = PBXProject;
			attributes = {
				BuildIndependentTargetsInParallel = 1;
				LastSwiftUpdateCheck = 1430;
				LastUpgradeCheck = 1430;
				TargetAttributes = {
					92C95A192B3ED8DF00BE96AA = {
						CreatedOnToolsVersion = 14.3;
					};
					92C95A2F2B3ED8E000BE96AA = {
						CreatedOnToolsVersion = 14.3;
						TestTargetID = 92C95A192B3ED8DF00BE96AA;
					};
					92C95A392B3ED8E000BE96AA = {
						CreatedOnToolsVersion = 14.3;
						TestTargetID = 92C95A192B3ED8DF00BE96AA;
					};
				};
			};
			buildConfigurationList = 92C95A152B3ED8DF00BE96AA /* Build configuration list for PBXProject "CodableTask" */;
			compatibilityVersion = "Xcode 14.0";
			developmentRegion = en;
			hasScannedForEncodings = 0;
			knownRegions = (
				en,
				Base,
			);
			mainGroup = 92C95A112B3ED8DF00BE96AA;
			productRefGroup = 92C95A1B2B3ED8DF00BE96AA /* Products */;
			projectDirPath = "";
			projectRoot = "";
			targets = (
				92C95A192B3ED8DF00BE96AA /* CodableTask */,
				92C95A2F2B3ED8E000BE96AA /* CodableTaskTests */,
				92C95A392B3ED8E000BE96AA /* CodableTaskUITests */,
			);
		};
/* End PBXProject section */

/* Begin PBXResourcesBuildPhase section */
		92C95A182B3ED8DF00BE96AA /* Resources */ = {
			isa = PBXResourcesBuildPhase;
			buildActionMask = 2147483647;
			files = (
				92C95A2A2B3ED8E000BE96AA /* LaunchScreen.storyboard in Resources */,
				92C95A272B3ED8E000BE96AA /* Assets.xcassets in Resources */,
				92C95A252B3ED8DF00BE96AA /* Main.storyboard in Resources */,
			);
			runOnlyForDeploymentPostprocessing = 0;
		};
		92C95A2E2B3ED8E000BE96AA /* Resources */ = {
			isa = PBXResourcesBuildPhase;
			buildActionMask = 2147483647;
			files = (
			);
			runOnlyForDeploymentPostprocessing = 0;
		};
		92C95A382B3ED8E000BE96AA /* Resources */ = {
			isa = PBXResourcesBuildPhase;
			buildActionMask = 2147483647;
			files = (
			);
			runOnlyForDeploymentPostprocessing = 0;
		};
/* End PBXResourcesBuildPhase section */

/* Begin PBXSourcesBuildPhase section */
		92C95A162B3ED8DF00BE96AA /* Sources */ = {
			isa = PBXSourcesBuildPhase;
			buildActionMask = 2147483647;
			files = (
				92C95A222B3ED8DF00BE96AA /* ViewController.swift in Sources */,
				92C95A602B3FEDB900BE96AA /* UserViewController.swift in Sources */,
				92C95A572B3EEAA200BE96AA /* NetwordError.swift in Sources */,
				92C95A5C2B3FE1A700BE96AA /* ApiClient.swift in Sources */,
				92C95A1E2B3ED8DF00BE96AA /* AppDelegate.swift in Sources */,
				92C95A4F2B3EDA4F00BE96AA /* LocalViewController.swift in Sources */,
				92C95A592B3EED2900BE96AA /* User.swift in Sources */,
				92C95A202B3ED8DF00BE96AA /* SceneDelegate.swift in Sources */,
				92C95A522B3EDBAF00BE96AA /* LocalUserSettings.swift in Sources */,
				92C95A552B3EE8F000BE96AA /* UrlSessionNetworkLayer.swift in Sources */,
			);
			runOnlyForDeploymentPostprocessing = 0;
		};
		92C95A2C2B3ED8E000BE96AA /* Sources */ = {
			isa = PBXSourcesBuildPhase;
			buildActionMask = 2147483647;
			files = (
				92C95A352B3ED8E000BE96AA /* CodableTaskTests.swift in Sources */,
			);
			runOnlyForDeploymentPostprocessing = 0;
		};
		92C95A362B3ED8E000BE96AA /* Sources */ = {
			isa = PBXSourcesBuildPhase;
			buildActionMask = 2147483647;
			files = (
				92C95A412B3ED8E000BE96AA /* CodableTaskUITestsLaunchTests.swift in Sources */,
				92C95A3F2B3ED8E000BE96AA /* CodableTaskUITests.swift in Sources */,
			);
			runOnlyForDeploymentPostprocessing = 0;
		};
/* End PBXSourcesBuildPhase section */

/* Begin PBXTargetDependency section */
		92C95A322B3ED8E000BE96AA /* PBXTargetDependency */ = {
			isa = PBXTargetDependency;
			target = 92C95A192B3ED8DF00BE96AA /* CodableTask */;
			targetProxy = 92C95A312B3ED8E000BE96AA /* PBXContainerItemProxy */;
		};
		92C95A3C2B3ED8E000BE96AA /* PBXTargetDependency */ = {
			isa = PBXTargetDependency;
			target = 92C95A192B3ED8DF00BE96AA /* CodableTask */;
			targetProxy = 92C95A3B2B3ED8E000BE96AA /* PBXContainerItemProxy */;
		};
/* End PBXTargetDependency section */

/* Begin PBXVariantGroup section */
		92C95A232B3ED8DF00BE96AA /* Main.storyboard */ = {
			isa = PBXVariantGroup;
			children = (
				92C95A242B3ED8DF00BE96AA /* Base */,
			);
			name = Main.storyboard;
			sourceTree = "<group>";
		};
		92C95A282B3ED8E000BE96AA /* LaunchScreen.storyboard */ = {
			isa = PBXVariantGroup;
			children = (
				92C95A292B3ED8E000BE96AA /* Base */,
			);
			name = LaunchScreen.storyboard;
			sourceTree = "<group>";
		};
/* End PBXVariantGroup section */

/* Begin XCBuildConfiguration section */
		92C95A422B3ED8E000BE96AA /* Debug */ = {
			isa = XCBuildConfiguration;
			buildSettings = {
				ALWAYS_SEARCH_USER_PATHS = NO;
				CLANG_ANALYZER_NONNULL = YES;
				CLANG_ANALYZER_NUMBER_OBJECT_CONVERSION = YES_AGGRESSIVE;
				CLANG_CXX_LANGUAGE_STANDARD = "gnu++20";
				CLANG_ENABLE_MODULES = YES;
				CLANG_ENABLE_OBJC_ARC = YES;
				CLANG_ENABLE_OBJC_WEAK = YES;
				CLANG_WARN_BLOCK_CAPTURE_AUTORELEASING = YES;
				CLANG_WARN_BOOL_CONVERSION = YES;
				CLANG_WARN_COMMA = YES;
				CLANG_WARN_CONSTANT_CONVERSION = YES;
				CLANG_WARN_DEPRECATED_OBJC_IMPLEMENTATIONS = YES;
				CLANG_WARN_DIRECT_OBJC_ISA_USAGE = YES_ERROR;
				CLANG_WARN_DOCUMENTATION_COMMENTS = YES;
				CLANG_WARN_EMPTY_BODY = YES;
				CLANG_WARN_ENUM_CONVERSION = YES;
				CLANG_WARN_INFINITE_RECURSION = YES;
				CLANG_WARN_INT_CONVERSION = YES;
				CLANG_WARN_NON_LITERAL_NULL_CONVERSION = YES;
				CLANG_WARN_OBJC_IMPLICIT_RETAIN_SELF = YES;
				CLANG_WARN_OBJC_LITERAL_CONVERSION = YES;
				CLANG_WARN_OBJC_ROOT_CLASS = YES_ERROR;
				CLANG_WARN_QUOTED_INCLUDE_IN_FRAMEWORK_HEADER = YES;
				CLANG_WARN_RANGE_LOOP_ANALYSIS = YES;
				CLANG_WARN_STRICT_PROTOTYPES = YES;
				CLANG_WARN_SUSPICIOUS_MOVE = YES;
				CLANG_WARN_UNGUARDED_AVAILABILITY = YES_AGGRESSIVE;
				CLANG_WARN_UNREACHABLE_CODE = YES;
				CLANG_WARN__DUPLICATE_METHOD_MATCH = YES;
				COPY_PHASE_STRIP = NO;
				DEBUG_INFORMATION_FORMAT = dwarf;
				ENABLE_STRICT_OBJC_MSGSEND = YES;
				ENABLE_TESTABILITY = YES;
				GCC_C_LANGUAGE_STANDARD = gnu11;
				GCC_DYNAMIC_NO_PIC = NO;
				GCC_NO_COMMON_BLOCKS = YES;
				GCC_OPTIMIZATION_LEVEL = 0;
				GCC_PREPROCESSOR_DEFINITIONS = (
					"DEBUG=1",
					"$(inherited)",
				);
				GCC_WARN_64_TO_32_BIT_CONVERSION = YES;
				GCC_WARN_ABOUT_RETURN_TYPE = YES_ERROR;
				GCC_WARN_UNDECLARED_SELECTOR = YES;
				GCC_WARN_UNINITIALIZED_AUTOS = YES_AGGRESSIVE;
				GCC_WARN_UNUSED_FUNCTION = YES;
				GCC_WARN_UNUSED_VARIABLE = YES;
				IPHONEOS_DEPLOYMENT_TARGET = 16.4;
				MTL_ENABLE_DEBUG_INFO = INCLUDE_SOURCE;
				MTL_FAST_MATH = YES;
				ONLY_ACTIVE_ARCH = YES;
				SDKROOT = iphoneos;
				SWIFT_ACTIVE_COMPILATION_CONDITIONS = DEBUG;
				SWIFT_OPTIMIZATION_LEVEL = "-Onone";
			};
			name = Debug;
		};
		92C95A432B3ED8E000BE96AA /* Release */ = {
			isa = XCBuildConfiguration;
			buildSettings = {
				ALWAYS_SEARCH_USER_PATHS = NO;
				CLANG_ANALYZER_NONNULL = YES;
				CLANG_ANALYZER_NUMBER_OBJECT_CONVERSION = YES_AGGRESSIVE;
				CLANG_CXX_LANGUAGE_STANDARD = "gnu++20";
				CLANG_ENABLE_MODULES = YES;
				CLANG_ENABLE_OBJC_ARC = YES;
				CLANG_ENABLE_OBJC_WEAK = YES;
				CLANG_WARN_BLOCK_CAPTURE_AUTORELEASING = YES;
				CLANG_WARN_BOOL_CONVERSION = YES;
				CLANG_WARN_COMMA = YES;
				CLANG_WARN_CONSTANT_CONVERSION = YES;
				CLANG_WARN_DEPRECATED_OBJC_IMPLEMENTATIONS = YES;
				CLANG_WARN_DIRECT_OBJC_ISA_USAGE = YES_ERROR;
				CLANG_WARN_DOCUMENTATION_COMMENTS = YES;
				CLANG_WARN_EMPTY_BODY = YES;
				CLANG_WARN_ENUM_CONVERSION = YES;
				CLANG_WARN_INFINITE_RECURSION = YES;
				CLANG_WARN_INT_CONVERSION = YES;
				CLANG_WARN_NON_LITERAL_NULL_CONVERSION = YES;
				CLANG_WARN_OBJC_IMPLICIT_RETAIN_SELF = YES;
				CLANG_WARN_OBJC_LITERAL_CONVERSION = YES;
				CLANG_WARN_OBJC_ROOT_CLASS = YES_ERROR;
				CLANG_WARN_QUOTED_INCLUDE_IN_FRAMEWORK_HEADER = YES;
				CLANG_WARN_RANGE_LOOP_ANALYSIS = YES;
				CLANG_WARN_STRICT_PROTOTYPES = YES;
				CLANG_WARN_SUSPICIOUS_MOVE = YES;
				CLANG_WARN_UNGUARDED_AVAILABILITY = YES_AGGRESSIVE;
				CLANG_WARN_UNREACHABLE_CODE = YES;
				CLANG_WARN__DUPLICATE_METHOD_MATCH = YES;
				COPY_PHASE_STRIP = NO;
				DEBUG_INFORMATION_FORMAT = "dwarf-with-dsym";
				ENABLE_NS_ASSERTIONS = NO;
				ENABLE_STRICT_OBJC_MSGSEND = YES;
				GCC_C_LANGUAGE_STANDARD = gnu11;
				GCC_NO_COMMON_BLOCKS = YES;
				GCC_WARN_64_TO_32_BIT_CONVERSION = YES;
				GCC_WARN_ABOUT_RETURN_TYPE = YES_ERROR;
				GCC_WARN_UNDECLARED_SELECTOR = YES;
				GCC_WARN_UNINITIALIZED_AUTOS = YES_AGGRESSIVE;
				GCC_WARN_UNUSED_FUNCTION = YES;
				GCC_WARN_UNUSED_VARIABLE = YES;
				IPHONEOS_DEPLOYMENT_TARGET = 16.4;
				MTL_ENABLE_DEBUG_INFO = NO;
				MTL_FAST_MATH = YES;
				SDKROOT = iphoneos;
				SWIFT_COMPILATION_MODE = wholemodule;
				SWIFT_OPTIMIZATION_LEVEL = "-O";
				VALIDATE_PRODUCT = YES;
			};
			name = Release;
		};
		92C95A452B3ED8E000BE96AA /* Debug */ = {
			isa = XCBuildConfiguration;
			buildSettings = {
				ASSETCATALOG_COMPILER_APPICON_NAME = AppIcon;
				ASSETCATALOG_COMPILER_GLOBAL_ACCENT_COLOR_NAME = AccentColor;
				CODE_SIGN_STYLE = Automatic;
				CURRENT_PROJECT_VERSION = 1;
				GENERATE_INFOPLIST_FILE = YES;
				INFOPLIST_FILE = CodableTask/Info.plist;
				INFOPLIST_KEY_UIApplicationSupportsIndirectInputEvents = YES;
				INFOPLIST_KEY_UILaunchStoryboardName = LaunchScreen;
				INFOPLIST_KEY_UIMainStoryboardFile = Main;
				INFOPLIST_KEY_UISupportedInterfaceOrientations = "UIInterfaceOrientationPortrait UIInterfaceOrientationPortraitUpsideDown";
				INFOPLIST_KEY_UISupportedInterfaceOrientations_iPad = "UIInterfaceOrientationLandscapeLeft UIInterfaceOrientationLandscapeRight UIInterfaceOrientationPortrait UIInterfaceOrientationPortraitUpsideDown";
				LD_RUNPATH_SEARCH_PATHS = (
					"$(inherited)",
					"@executable_path/Frameworks",
				);
				MARKETING_VERSION = 1.0;
				PRODUCT_BUNDLE_IDENTIFIER = v1.CodableTask;
				PRODUCT_NAME = "$(TARGET_NAME)";
				SUPPORTED_PLATFORMS = "iphoneos iphonesimulator";
				SUPPORTS_MACCATALYST = NO;
				SUPPORTS_MAC_DESIGNED_FOR_IPHONE_IPAD = NO;
				SWIFT_EMIT_LOC_STRINGS = YES;
				SWIFT_VERSION = 5.0;
				TARGETED_DEVICE_FAMILY = 1;
			};
			name = Debug;
		};
		92C95A462B3ED8E000BE96AA /* Release */ = {
			isa = XCBuildConfiguration;
			buildSettings = {
				ASSETCATALOG_COMPILER_APPICON_NAME = AppIcon;
				ASSETCATALOG_COMPILER_GLOBAL_ACCENT_COLOR_NAME = AccentColor;
				CODE_SIGN_STYLE = Automatic;
				CURRENT_PROJECT_VERSION = 1;
				GENERATE_INFOPLIST_FILE = YES;
				INFOPLIST_FILE = CodableTask/Info.plist;
				INFOPLIST_KEY_UIApplicationSupportsIndirectInputEvents = YES;
				INFOPLIST_KEY_UILaunchStoryboardName = LaunchScreen;
				INFOPLIST_KEY_UIMainStoryboardFile = Main;
				INFOPLIST_KEY_UISupportedInterfaceOrientations = "UIInterfaceOrientationPortrait UIInterfaceOrientationPortraitUpsideDown";
				INFOPLIST_KEY_UISupportedInterfaceOrientations_iPad = "UIInterfaceOrientationLandscapeLeft UIInterfaceOrientationLandscapeRight UIInterfaceOrientationPortrait UIInterfaceOrientationPortraitUpsideDown";
				LD_RUNPATH_SEARCH_PATHS = (
					"$(inherited)",
					"@executable_path/Frameworks",
				);
				MARKETING_VERSION = 1.0;
				PRODUCT_BUNDLE_IDENTIFIER = v1.CodableTask;
				PRODUCT_NAME = "$(TARGET_NAME)";
				SUPPORTED_PLATFORMS = "iphoneos iphonesimulator";
				SUPPORTS_MACCATALYST = NO;
				SUPPORTS_MAC_DESIGNED_FOR_IPHONE_IPAD = NO;
				SWIFT_EMIT_LOC_STRINGS = YES;
				SWIFT_VERSION = 5.0;
				TARGETED_DEVICE_FAMILY = 1;
			};
			name = Release;
		};
		92C95A482B3ED8E000BE96AA /* Debug */ = {
			isa = XCBuildConfiguration;
			buildSettings = {
				ALWAYS_EMBED_SWIFT_STANDARD_LIBRARIES = YES;
				BUNDLE_LOADER = "$(TEST_HOST)";
				CODE_SIGN_STYLE = Automatic;
				CURRENT_PROJECT_VERSION = 1;
				GENERATE_INFOPLIST_FILE = YES;
				IPHONEOS_DEPLOYMENT_TARGET = 16.4;
				MARKETING_VERSION = 1.0;
				PRODUCT_BUNDLE_IDENTIFIER = v1.CodableTaskTests;
				PRODUCT_NAME = "$(TARGET_NAME)";
				SWIFT_EMIT_LOC_STRINGS = NO;
				SWIFT_VERSION = 5.0;
				TARGETED_DEVICE_FAMILY = "1,2";
				TEST_HOST = "$(BUILT_PRODUCTS_DIR)/CodableTask.app/$(BUNDLE_EXECUTABLE_FOLDER_PATH)/CodableTask";
			};
			name = Debug;
		};
		92C95A492B3ED8E000BE96AA /* Release */ = {
			isa = XCBuildConfiguration;
			buildSettings = {
				ALWAYS_EMBED_SWIFT_STANDARD_LIBRARIES = YES;
				BUNDLE_LOADER = "$(TEST_HOST)";
				CODE_SIGN_STYLE = Automatic;
				CURRENT_PROJECT_VERSION = 1;
				GENERATE_INFOPLIST_FILE = YES;
				IPHONEOS_DEPLOYMENT_TARGET = 16.4;
				MARKETING_VERSION = 1.0;
				PRODUCT_BUNDLE_IDENTIFIER = v1.CodableTaskTests;
				PRODUCT_NAME = "$(TARGET_NAME)";
				SWIFT_EMIT_LOC_STRINGS = NO;
				SWIFT_VERSION = 5.0;
				TARGETED_DEVICE_FAMILY = "1,2";
				TEST_HOST = "$(BUILT_PRODUCTS_DIR)/CodableTask.app/$(BUNDLE_EXECUTABLE_FOLDER_PATH)/CodableTask";
			};
			name = Release;
		};
		92C95A4B2B3ED8E000BE96AA /* Debug */ = {
			isa = XCBuildConfiguration;
			buildSettings = {
				ALWAYS_EMBED_SWIFT_STANDARD_LIBRARIES = YES;
				CODE_SIGN_STYLE = Automatic;
				CURRENT_PROJECT_VERSION = 1;
				GENERATE_INFOPLIST_FILE = YES;
				MARKETING_VERSION = 1.0;
				PRODUCT_BUNDLE_IDENTIFIER = v1.CodableTaskUITests;
				PRODUCT_NAME = "$(TARGET_NAME)";
				SWIFT_EMIT_LOC_STRINGS = NO;
				SWIFT_VERSION = 5.0;
				TARGETED_DEVICE_FAMILY = "1,2";
				TEST_TARGET_NAME = CodableTask;
			};
			name = Debug;
		};
		92C95A4C2B3ED8E000BE96AA /* Release */ = {
			isa = XCBuildConfiguration;
			buildSettings = {
				ALWAYS_EMBED_SWIFT_STANDARD_LIBRARIES = YES;
				CODE_SIGN_STYLE = Automatic;
				CURRENT_PROJECT_VERSION = 1;
				GENERATE_INFOPLIST_FILE = YES;
				MARKETING_VERSION = 1.0;
				PRODUCT_BUNDLE_IDENTIFIER = v1.CodableTaskUITests;
				PRODUCT_NAME = "$(TARGET_NAME)";
				SWIFT_EMIT_LOC_STRINGS = NO;
				SWIFT_VERSION = 5.0;
				TARGETED_DEVICE_FAMILY = "1,2";
				TEST_TARGET_NAME = CodableTask;
			};
			name = Release;
		};
/* End XCBuildConfiguration section */

/* Begin XCConfigurationList section */
		92C95A152B3ED8DF00BE96AA /* Build configuration list for PBXProject "CodableTask" */ = {
			isa = XCConfigurationList;
			buildConfigurations = (
				92C95A422B3ED8E000BE96AA /* Debug */,
				92C95A432B3ED8E000BE96AA /* Release */,
			);
			defaultConfigurationIsVisible = 0;
			defaultConfigurationName = Release;
		};
		92C95A442B3ED8E000BE96AA /* Build configuration list for PBXNativeTarget "CodableTask" */ = {
			isa = XCConfigurationList;
			buildConfigurations = (
				92C95A452B3ED8E000BE96AA /* Debug */,
				92C95A462B3ED8E000BE96AA /* Release */,
			);
			defaultConfigurationIsVisible = 0;
			defaultConfigurationName = Release;
		};
		92C95A472B3ED8E000BE96AA /* Build configuration list for PBXNativeTarget "CodableTaskTests" */ = {
			isa = XCConfigurationList;
			buildConfigurations = (
				92C95A482B3ED8E000BE96AA /* Debug */,
				92C95A492B3ED8E000BE96AA /* Release */,
			);
			defaultConfigurationIsVisible = 0;
			defaultConfigurationName = Release;
		};
		92C95A4A2B3ED8E000BE96AA /* Build configuration list for PBXNativeTarget "CodableTaskUITests" */ = {
			isa = XCConfigurationList;
			buildConfigurations = (
				92C95A4B2B3ED8E000BE96AA /* Debug */,
				92C95A4C2B3ED8E000BE96AA /* Release */,
			);
			defaultConfigurationIsVisible = 0;
			defaultConfigurationName = Release;
		};
/* End XCConfigurationList section */
	};
	rootObject = 92C95A122B3ED8DF00BE96AA /* Project object */;
}
